// !$*UTF8*$!
{
	archiveVersion = 1;
	classes = {
	};
	objectVersion = 50;
	objects = {

/* Begin PBXBuildFile section */
		9673CEFB2595C58300BB1774 /* PiMQTTApp.swift in Sources */ = {isa = PBXBuildFile; fileRef = 9673CEFA2595C58300BB1774 /* PiMQTTApp.swift */; };
		9673CEFD2595C58300BB1774 /* ContentView.swift in Sources */ = {isa = PBXBuildFile; fileRef = 9673CEFC2595C58300BB1774 /* ContentView.swift */; };
		9673CEFF2595C58600BB1774 /* Assets.xcassets in Resources */ = {isa = PBXBuildFile; fileRef = 9673CEFE2595C58600BB1774 /* Assets.xcassets */; };
		9673CF022595C58600BB1774 /* Preview Assets.xcassets in Resources */ = {isa = PBXBuildFile; fileRef = 9673CF012595C58600BB1774 /* Preview Assets.xcassets */; };
		CC13E1D004A0F6B0A5A66804 /* Pods_PiMQTT.framework in Frameworks */ = {isa = PBXBuildFile; fileRef = 00183739579C9CBD5F8FFB73 /* Pods_PiMQTT.framework */; };
/* End PBXBuildFile section */

/* Begin PBXFileReference section */
		00183739579C9CBD5F8FFB73 /* Pods_PiMQTT.framework */ = {isa = PBXFileReference; explicitFileType = wrapper.framework; includeInIndex = 0; path = Pods_PiMQTT.framework; sourceTree = BUILT_PRODUCTS_DIR; };
		1955FCC5219A8DA21C806FCB /* Pods-PiMQTT.release.xcconfig */ = {isa = PBXFileReference; includeInIndex = 1; lastKnownFileType = text.xcconfig; name = "Pods-PiMQTT.release.xcconfig"; path = "Target Support Files/Pods-PiMQTT/Pods-PiMQTT.release.xcconfig"; sourceTree = "<group>"; };
		1C0E923CE6FEB73BAE4FE283 /* Pods-PiMQTT.debug.xcconfig */ = {isa = PBXFileReference; includeInIndex = 1; lastKnownFileType = text.xcconfig; name = "Pods-PiMQTT.debug.xcconfig"; path = "Target Support Files/Pods-PiMQTT/Pods-PiMQTT.debug.xcconfig"; sourceTree = "<group>"; };
		9673CEF72595C58300BB1774 /* PiMQTT.app */ = {isa = PBXFileReference; explicitFileType = wrapper.application; includeInIndex = 0; path = PiMQTT.app; sourceTree = BUILT_PRODUCTS_DIR; };
		9673CEFA2595C58300BB1774 /* PiMQTTApp.swift */ = {isa = PBXFileReference; lastKnownFileType = sourcecode.swift; path = PiMQTTApp.swift; sourceTree = "<group>"; };
		9673CEFC2595C58300BB1774 /* ContentView.swift */ = {isa = PBXFileReference; lastKnownFileType = sourcecode.swift; path = ContentView.swift; sourceTree = "<group>"; };
		9673CEFE2595C58600BB1774 /* Assets.xcassets */ = {isa = PBXFileReference; lastKnownFileType = folder.assetcatalog; path = Assets.xcassets; sourceTree = "<group>"; };
		9673CF012595C58600BB1774 /* Preview Assets.xcassets */ = {isa = PBXFileReference; lastKnownFileType = folder.assetcatalog; path = "Preview Assets.xcassets"; sourceTree = "<group>"; };
		9673CF032595C58600BB1774 /* Info.plist */ = {isa = PBXFileReference; lastKnownFileType = text.plist.xml; path = Info.plist; sourceTree = "<group>"; };
/* End PBXFileReference section */

/* Begin PBXFrameworksBuildPhase section */
		9673CEF42595C58300BB1774 /* Frameworks */ = {
			isa = PBXFrameworksBuildPhase;
			buildActionMask = 2147483647;
			files = (
				CC13E1D004A0F6B0A5A66804 /* Pods_PiMQTT.framework in Frameworks */,
			);
			runOnlyForDeploymentPostprocessing = 0;
		};
/* End PBXFrameworksBuildPhase section */

/* Begin PBXGroup section */
		533A0785F52D78C11342FA8C /* Frameworks */ = {
			isa = PBXGroup;
			children = (
				00183739579C9CBD5F8FFB73 /* Pods_PiMQTT.framework */,
			);
			name = Frameworks;
			sourceTree = "<group>";
		};
		686474A1EC42AF837C994710 /* Pods */ = {
			isa = PBXGroup;
			children = (
				1C0E923CE6FEB73BAE4FE283 /* Pods-PiMQTT.debug.xcconfig */,
				1955FCC5219A8DA21C806FCB /* Pods-PiMQTT.release.xcconfig */,
			);
			name = Pods;
			path = Pods;
			sourceTree = "<group>";
		};
		9673CEEE2595C58300BB1774 = {
			isa = PBXGroup;
			children = (
				9673CEF92595C58300BB1774 /* PiMQTT */,
				9673CEF82595C58300BB1774 /* Products */,
				686474A1EC42AF837C994710 /* Pods */,
				533A0785F52D78C11342FA8C /* Frameworks */,
			);
			sourceTree = "<group>";
		};
		9673CEF82595C58300BB1774 /* Products */ = {
			isa = PBXGroup;
			children = (
				9673CEF72595C58300BB1774 /* PiMQTT.app */,
			);
			name = Products;
			sourceTree = "<group>";
		};
		9673CEF92595C58300BB1774 /* PiMQTT */ = {
			isa = PBXGroup;
			children = (
				9673CEFA2595C58300BB1774 /* PiMQTTApp.swift */,
				9673CEFC2595C58300BB1774 /* ContentView.swift */,
				9673CEFE2595C58600BB1774 /* Assets.xcassets */,
				9673CF032595C58600BB1774 /* Info.plist */,
				9673CF002595C58600BB1774 /* Preview Content */,
			);
			path = PiMQTT;
			sourceTree = "<group>";
		};
		9673CF002595C58600BB1774 /* Preview Content */ = {
			isa = PBXGroup;
			children = (
				9673CF012595C58600BB1774 /* Preview Assets.xcassets */,
			);
			path = "Preview Content";
			sourceTree = "<group>";
		};
/* End PBXGroup section */

/* Begin PBXNativeTarget section */
		9673CEF62595C58300BB1774 /* PiMQTT */ = {
			isa = PBXNativeTarget;
			buildConfigurationList = 9673CF062595C58600BB1774 /* Build configuration list for PBXNativeTarget "PiMQTT" */;
			buildPhases = (
				A521CC1893A02AE4393EC83A /* [CP] Check Pods Manifest.lock */,
				9673CEF32595C58300BB1774 /* Sources */,
				9673CEF42595C58300BB1774 /* Frameworks */,
				9673CEF52595C58300BB1774 /* Resources */,
				A41B04EE465C2D23BDD620FB /* [CP] Embed Pods Frameworks */,
			);
			buildRules = (
			);
			dependencies = (
			);
			name = PiMQTT;
			productName = PiMQTT;
			productReference = 9673CEF72595C58300BB1774 /* PiMQTT.app */;
			productType = "com.apple.product-type.application";
		};
/* End PBXNativeTarget section */

/* Begin PBXProject section */
		9673CEEF2595C58300BB1774 /* Project object */ = {
			isa = PBXProject;
			attributes = {
				LastSwiftUpdateCheck = 1230;
				LastUpgradeCheck = 1230;
				TargetAttributes = {
					9673CEF62595C58300BB1774 = {
						CreatedOnToolsVersion = 12.3;
					};
				};
			};
			buildConfigurationList = 9673CEF22595C58300BB1774 /* Build configuration list for PBXProject "PiMQTT" */;
			compatibilityVersion = "Xcode 9.3";
			developmentRegion = en;
			hasScannedForEncodings = 0;
			knownRegions = (
				en,
				Base,
			);
			mainGroup = 9673CEEE2595C58300BB1774;
			productRefGroup = 9673CEF82595C58300BB1774 /* Products */;
			projectDirPath = "";
			projectRoot = "";
			targets = (
				9673CEF62595C58300BB1774 /* PiMQTT */,
			);
		};
/* End PBXProject section */

/* Begin PBXResourcesBuildPhase section */
		9673CEF52595C58300BB1774 /* Resources */ = {
			isa = PBXResourcesBuildPhase;
			buildActionMask = 2147483647;
			files = (
				9673CF022595C58600BB1774 /* Preview Assets.xcassets in Resources */,
				9673CEFF2595C58600BB1774 /* Assets.xcassets in Resources */,
			);
			runOnlyForDeploymentPostprocessing = 0;
		};
/* End PBXResourcesBuildPhase section */

/* Begin PBXShellScriptBuildPhase section */
		A41B04EE465C2D23BDD620FB /* [CP] Embed Pods Frameworks */ = {
			isa = PBXShellScriptBuildPhase;
			buildActionMask = 2147483647;
			files = (
			);
			inputFileListPaths = (
				"${PODS_ROOT}/Target Support Files/Pods-PiMQTT/Pods-PiMQTT-frameworks-${CONFIGURATION}-input-files.xcfilelist",
			);
			name = "[CP] Embed Pods Frameworks";
			outputFileListPaths = (
				"${PODS_ROOT}/Target Support Files/Pods-PiMQTT/Pods-PiMQTT-frameworks-${CONFIGURATION}-output-files.xcfilelist",
			);
			runOnlyForDeploymentPostprocessing = 0;
			shellPath = /bin/sh;
			shellScript = "\"${PODS_ROOT}/Target Support Files/Pods-PiMQTT/Pods-PiMQTT-frameworks.sh\"\n";
			showEnvVarsInLog = 0;
		};
		A521CC1893A02AE4393EC83A /* [CP] Check Pods Manifest.lock */ = {
			isa = PBXShellScriptBuildPhase;
			buildActionMask = 2147483647;
			files = (
			);
			inputFileListPaths = (
			);
			inputPaths = (
				"${PODS_PODFILE_DIR_PATH}/Podfile.lock",
				"${PODS_ROOT}/Manifest.lock",
			);
			name = "[CP] Check Pods Manifest.lock";
			outputFileListPaths = (
			);
			outputPaths = (
				"$(DERIVED_FILE_DIR)/Pods-PiMQTT-checkManifestLockResult.txt",
			);
			runOnlyForDeploymentPostprocessing = 0;
			shellPath = /bin/sh;
			shellScript = "diff \"${PODS_PODFILE_DIR_PATH}/Podfile.lock\" \"${PODS_ROOT}/Manifest.lock\" > /dev/null\nif [ $? != 0 ] ; then\n    # print error to STDERR\n    echo \"error: The sandbox is not in sync with the Podfile.lock. Run 'pod install' or update your CocoaPods installation.\" >&2\n    exit 1\nfi\n# This output is used by Xcode 'outputs' to avoid re-running this script phase.\necho \"SUCCESS\" > \"${SCRIPT_OUTPUT_FILE_0}\"\n";
			showEnvVarsInLog = 0;
		};
/* End PBXShellScriptBuildPhase section */

/* Begin PBXSourcesBuildPhase section */
		9673CEF32595C58300BB1774 /* Sources */ = {
			isa = PBXSourcesBuildPhase;
			buildActionMask = 2147483647;
			files = (
				9673CEFD2595C58300BB1774 /* ContentView.swift in Sources */,
				9673CEFB2595C58300BB1774 /* PiMQTTApp.swift in Sources */,
			);
			runOnlyForDeploymentPostprocessing = 0;
		};
/* End PBXSourcesBuildPhase section */

/* Begin XCBuildConfiguration section */
		9673CF042595C58600BB1774 /* Debug */ = {
			isa = XCBuildConfiguration;
			buildSettings = {
				ALWAYS_SEARCH_USER_PATHS = NO;
				CLANG_ANALYZER_NONNULL = YES;
				CLANG_ANALYZER_NUMBER_OBJECT_CONVERSION = YES_AGGRESSIVE;
				CLANG_CXX_LANGUAGE_STANDARD = "gnu++14";
				CLANG_CXX_LIBRARY = "libc++";
				CLANG_ENABLE_MODULES = YES;
				CLANG_ENABLE_OBJC_ARC = YES;
				CLANG_ENABLE_OBJC_WEAK = YES;
				CLANG_WARN_BLOCK_CAPTURE_AUTORELEASING = YES;
				CLANG_WARN_BOOL_CONVERSION = YES;
				CLANG_WARN_COMMA = YES;
				CLANG_WARN_CONSTANT_CONVERSION = YES;
				CLANG_WARN_DEPRECATED_OBJC_IMPLEMENTATIONS = YES;
				CLANG_WARN_DIRECT_OBJC_ISA_USAGE = YES_ERROR;
				CLANG_WARN_DOCUMENTATION_COMMENTS = YES;
				CLANG_WARN_EMPTY_BODY = YES;
				CLANG_WARN_ENUM_CONVERSION = YES;
				CLANG_WARN_INFINITE_RECURSION = YES;
				CLANG_WARN_INT_CONVERSION = YES;
				CLANG_WARN_NON_LITERAL_NULL_CONVERSION = YES;
				CLANG_WARN_OBJC_IMPLICIT_RETAIN_SELF = YES;
				CLANG_WARN_OBJC_LITERAL_CONVERSION = YES;
				CLANG_WARN_OBJC_ROOT_CLASS = YES_ERROR;
				CLANG_WARN_QUOTED_INCLUDE_IN_FRAMEWORK_HEADER = YES;
				CLANG_WARN_RANGE_LOOP_ANALYSIS = YES;
				CLANG_WARN_STRICT_PROTOTYPES = YES;
				CLANG_WARN_SUSPICIOUS_MOVE = YES;
				CLANG_WARN_UNGUARDED_AVAILABILITY = YES_AGGRESSIVE;
				CLANG_WARN_UNREACHABLE_CODE = YES;
				CLANG_WARN__DUPLICATE_METHOD_MATCH = YES;
				COPY_PHASE_STRIP = NO;
				DEBUG_INFORMATION_FORMAT = dwarf;
				ENABLE_STRICT_OBJC_MSGSEND = YES;
				ENABLE_TESTABILITY = YES;
				GCC_C_LANGUAGE_STANDARD = gnu11;
				GCC_DYNAMIC_NO_PIC = NO;
				GCC_NO_COMMON_BLOCKS = YES;
				GCC_OPTIMIZATION_LEVEL = 0;
				GCC_PREPROCESSOR_DEFINITIONS = (
					"DEBUG=1",
					"$(inherited)",
				);
				GCC_WARN_64_TO_32_BIT_CONVERSION = YES;
				GCC_WARN_ABOUT_RETURN_TYPE = YES_ERROR;
				GCC_WARN_UNDECLARED_SELECTOR = YES;
				GCC_WARN_UNINITIALIZED_AUTOS = YES_AGGRESSIVE;
				GCC_WARN_UNUSED_FUNCTION = YES;
				GCC_WARN_UNUSED_VARIABLE = YES;
				IPHONEOS_DEPLOYMENT_TARGET = 14.3;
				MTL_ENABLE_DEBUG_INFO = INCLUDE_SOURCE;
				MTL_FAST_MATH = YES;
				ONLY_ACTIVE_ARCH = YES;
				SDKROOT = iphoneos;
				SWIFT_ACTIVE_COMPILATION_CONDITIONS = DEBUG;
				SWIFT_OPTIMIZATION_LEVEL = "-Onone";
			};
			name = Debug;
		};
		9673CF052595C58600BB1774 /* Release */ = {
			isa = XCBuildConfiguration;
			buildSettings = {
				ALWAYS_SEARCH_USER_PATHS = NO;
				CLANG_ANALYZER_NONNULL = YES;
				CLANG_ANALYZER_NUMBER_OBJECT_CONVERSION = YES_AGGRESSIVE;
				CLANG_CXX_LANGUAGE_STANDARD = "gnu++14";
				CLANG_CXX_LIBRARY = "libc++";
				CLANG_ENABLE_MODULES = YES;
				CLANG_ENABLE_OBJC_ARC = YES;
				CLANG_ENABLE_OBJC_WEAK = YES;
				CLANG_WARN_BLOCK_CAPTURE_AUTORELEASING = YES;
				CLANG_WARN_BOOL_CONVERSION = YES;
				CLANG_WARN_COMMA = YES;
				CLANG_WARN_CONSTANT_CONVERSION = YES;
				CLANG_WARN_DEPRECATED_OBJC_IMPLEMENTATIONS = YES;
				CLANG_WARN_DIRECT_OBJC_ISA_USAGE = YES_ERROR;
				CLANG_WARN_DOCUMENTATION_COMMENTS = YES;
				CLANG_WARN_EMPTY_BODY = YES;
				CLANG_WARN_ENUM_CONVERSION = YES;
				CLANG_WARN_INFINITE_RECURSION = YES;
				CLANG_WARN_INT_CONVERSION = YES;
				CLANG_WARN_NON_LITERAL_NULL_CONVERSION = YES;
				CLANG_WARN_OBJC_IMPLICIT_RETAIN_SELF = YES;
				CLANG_WARN_OBJC_LITERAL_CONVERSION = YES;
				CLANG_WARN_OBJC_ROOT_CLASS = YES_ERROR;
				CLANG_WARN_QUOTED_INCLUDE_IN_FRAMEWORK_HEADER = YES;
				CLANG_WARN_RANGE_LOOP_ANALYSIS = YES;
				CLANG_WARN_STRICT_PROTOTYPES = YES;
				CLANG_WARN_SUSPICIOUS_MOVE = YES;
				CLANG_WARN_UNGUARDED_AVAILABILITY = YES_AGGRESSIVE;
				CLANG_WARN_UNREACHABLE_CODE = YES;
				CLANG_WARN__DUPLICATE_METHOD_MATCH = YES;
				COPY_PHASE_STRIP = NO;
				DEBUG_INFORMATION_FORMAT = "dwarf-with-dsym";
				ENABLE_NS_ASSERTIONS = NO;
				ENABLE_STRICT_OBJC_MSGSEND = YES;
				GCC_C_LANGUAGE_STANDARD = gnu11;
				GCC_NO_COMMON_BLOCKS = YES;
				GCC_WARN_64_TO_32_BIT_CONVERSION = YES;
				GCC_WARN_ABOUT_RETURN_TYPE = YES_ERROR;
				GCC_WARN_UNDECLARED_SELECTOR = YES;
				GCC_WARN_UNINITIALIZED_AUTOS = YES_AGGRESSIVE;
				GCC_WARN_UNUSED_FUNCTION = YES;
				GCC_WARN_UNUSED_VARIABLE = YES;
				IPHONEOS_DEPLOYMENT_TARGET = 14.3;
				MTL_ENABLE_DEBUG_INFO = NO;
				MTL_FAST_MATH = YES;
				SDKROOT = iphoneos;
				SWIFT_COMPILATION_MODE = wholemodule;
				SWIFT_OPTIMIZATION_LEVEL = "-O";
				VALIDATE_PRODUCT = YES;
			};
			name = Release;
		};
		9673CF072595C58600BB1774 /* Debug */ = {
			isa = XCBuildConfiguration;
			baseConfigurationReference = 1C0E923CE6FEB73BAE4FE283 /* Pods-PiMQTT.debug.xcconfig */;
			buildSettings = {
				ASSETCATALOG_COMPILER_APPICON_NAME = AppIcon;
				ASSETCATALOG_COMPILER_GLOBAL_ACCENT_COLOR_NAME = AccentColor;
				CODE_SIGN_STYLE = Automatic;
				DEVELOPMENT_ASSET_PATHS = "\"PiMQTT/Preview Content\"";
				ENABLE_PREVIEWS = YES;
				INFOPLIST_FILE = PiMQTT/Info.plist;
				IPHONEOS_DEPLOYMENT_TARGET = 14.0;
				LD_RUNPATH_SEARCH_PATHS = (
					"$(inherited)",
					"@executable_path/Frameworks",
				);
				PRODUCT_BUNDLE_IDENTIFIER = "Max-Leblang.PiMQTT";
				PRODUCT_NAME = "$(TARGET_NAME)";
				SWIFT_VERSION = 5.0;
				TARGETED_DEVICE_FAMILY = "1,2";
			};
			name = Debug;
		};
		9673CF082595C58600BB1774 /* Release */ = {
			isa = XCBuildConfiguration;
			baseConfigurationReference = 1955FCC5219A8DA21C806FCB /* Pods-PiMQTT.release.xcconfig */;
			buildSettings = {
				ASSETCATALOG_COMPILER_APPICON_NAME = AppIcon;
				ASSETCATALOG_COMPILER_GLOBAL_ACCENT_COLOR_NAME = AccentColor;
				CODE_SIGN_STYLE = Automatic;
				DEVELOPMENT_ASSET_PATHS = "\"PiMQTT/Preview Content\"";
				ENABLE_PREVIEWS = YES;
				INFOPLIST_FILE = PiMQTT/Info.plist;
				IPHONEOS_DEPLOYMENT_TARGET = 14.0;
				LD_RUNPATH_SEARCH_PATHS = (
					"$(inherited)",
					"@executable_path/Frameworks",
				);
				PRODUCT_BUNDLE_IDENTIFIER = "Max-Leblang.PiMQTT";
				PRODUCT_NAME = "$(TARGET_NAME)";
				SWIFT_VERSION = 5.0;
				TARGETED_DEVICE_FAMILY = "1,2";
			};
			name = Release;
		};
/* End XCBuildConfiguration section */

/* Begin XCConfigurationList section */
		9673CEF22595C58300BB1774 /* Build configuration list for PBXProject "PiMQTT" */ = {
			isa = XCConfigurationList;
			buildConfigurations = (
				9673CF042595C58600BB1774 /* Debug */,
				9673CF052595C58600BB1774 /* Release */,
			);
			defaultConfigurationIsVisible = 0;
			defaultConfigurationName = Release;
		};
		9673CF062595C58600BB1774 /* Build configuration list for PBXNativeTarget "PiMQTT" */ = {
			isa = XCConfigurationList;
			buildConfigurations = (
				9673CF072595C58600BB1774 /* Debug */,
				9673CF082595C58600BB1774 /* Release */,
			);
			defaultConfigurationIsVisible = 0;
			defaultConfigurationName = Release;
		};
/* End XCConfigurationList section */
	};
	rootObject = 9673CEEF2595C58300BB1774 /* Project object */;
}
